
Microsoft Visual Studio Solution File, Format Version 12.00
# Visual Studio Version 17
VisualStudioVersion = 17.14.36705.20 d17.14
MinimumVisualStudioVersion = 10.0.40219.1
Project("{8BC9CEB8-8B4A-11D0-8D11-00A0C91BC942}") = "Coursework2", "Coursework2.vcxproj", "{A5A0CC41-1269-4DEC-9CD3-405F285B8BEE}"
EndProject
Global
	GlobalSection(SolutionConfigurationPlatforms) = preSolution
		Debug|x64 = Debug|x64
		Debug|x86 = Debug|x86
		Release|x64 = Release|x64
		Release|x86 = Release|x86
	EndGlobalSection
	GlobalSection(ProjectConfigurationPlatforms) = postSolution
		{A5A0CC41-1269-4DEC-9CD3-405F285B8BEE}.Debug|x64.ActiveCfg = Debug|x64
		{A5A0CC41-1269-4DEC-9CD3-405F285B8BEE}.Debug|x64.Build.0 = Debug|x64
		{A5A0CC41-1269-4DEC-9CD3-405F285B8BEE}.Debug|x86.ActiveCfg = Debug|Win32
		{A5A0CC41-1269-4DEC-9CD3-405F285B8BEE}.Debug|x86.Build.0 = Debug|Win32
		{A5A0CC41-1269-4DEC-9CD3-405F285B8BEE}.Release|x64.ActiveCfg = Release|x64
		{A5A0CC41-1269-4DEC-9CD3-405F285B8BEE}.Release|x64.Build.0 = Release|x64
		{A5A0CC41-1269-4DEC-9CD3-405F285B8BEE}.Release|x86.ActiveCfg = Release|Win32
		{A5A0CC41-1269-4DEC-9CD3-405F285B8BEE}.Release|x86.Build.0 = Release|Win32
	EndGlobalSection
	GlobalSection(SolutionProperties) = preSolution
		HideSolutionNode = FALSE
	EndGlobalSection
	GlobalSection(ExtensibilityGlobals) = postSolution
		SolutionGuid = {3D21C5A4-93DE-46B8-B531-44936ACF99A1}
	EndGlobalSection
EndGlobal
